
Microsoft Visual Studio Solution File, Format Version 12.00
# Visual Studio Version 17
VisualStudioVersion = 17.6.33815.320
MinimumVisualStudioVersion = 10.0.40219.1
Project("{FAE04EC0-301F-11D3-BF4B-00C04F79EFBC}") = "ScratchProject1", "ScratchProject1\ScratchProject1.csproj", "{7A14388A-7E40-4620-A991-20BC19A0DF39}"
EndProject
Global
	GlobalSection(SolutionConfigurationPlatforms) = preSolution
		Debug|Any CPU = Debug|Any CPU
		Release|Any CPU = Release|Any CPU
	EndGlobalSection
	GlobalSection(ProjectConfigurationPlatforms) = postSolution
		{7A14388A-7E40-4620-A991-20BC19A0DF39}.Debug|Any CPU.ActiveCfg = Debug|Any CPU
		{7A14388A-7E40-4620-A991-20BC19A0DF39}.Debug|Any CPU.Build.0 = Debug|Any CPU
		{7A14388A-7E40-4620-A991-20BC19A0DF39}.Release|Any CPU.ActiveCfg = Release|Any CPU
		{7A14388A-7E40-4620-A991-20BC19A0DF39}.Release|Any CPU.Build.0 = Release|Any CPU
	EndGlobalSection
	GlobalSection(SolutionProperties) = preSolution
		HideSolutionNode = FALSE
	EndGlobalSection
	GlobalSection(ExtensibilityGlobals) = postSolution
		SolutionGuid = {8BDED6F2-1685-4FAB-9D09-859611BEAFBF}
	EndGlobalSection
EndGlobal
